
Microsoft Visual Studio Solution File, Format Version 12.00
# Visual Studio Version 17
VisualStudioVersion = 17.14.36221.1 d17.14
MinimumVisualStudioVersion = 10.0.40219.1
Project("{FAE04EC0-301F-11D3-BF4B-00C04F79EFBC}") = "AppProductos", "AppProductos\AppProductos.csproj", "{CDB90957-F373-46BE-A62B-CDC41C903A69}"
EndProject
Global
	GlobalSection(SolutionConfigurationPlatforms) = preSolution
		Debug|Any CPU = Debug|Any CPU
		Release|Any CPU = Release|Any CPU
	EndGlobalSection
	GlobalSection(ProjectConfigurationPlatforms) = postSolution
		{CDB90957-F373-46BE-A62B-CDC41C903A69}.Debug|Any CPU.ActiveCfg = Debug|Any CPU
		{CDB90957-F373-46BE-A62B-CDC41C903A69}.Debug|Any CPU.Build.0 = Debug|Any CPU
		{CDB90957-F373-46BE-A62B-CDC41C903A69}.Release|Any CPU.ActiveCfg = Release|Any CPU
		{CDB90957-F373-46BE-A62B-CDC41C903A69}.Release|Any CPU.Build.0 = Release|Any CPU
	EndGlobalSection
	GlobalSection(SolutionProperties) = preSolution
		HideSolutionNode = FALSE
	EndGlobalSection
	GlobalSection(ExtensibilityGlobals) = postSolution
		SolutionGuid = {FB1CC0D2-5EFE-4D63-8FAE-F84D7448155F}
	EndGlobalSection
EndGlobal
